// !$*UTF8*$!
{
	archiveVersion = 1;
	classes = {
	};
	objectVersion = 50;
	objects = {

/* Begin PBXBuildFile section */
		0D3566BF2757783200EA17DD /* AppDelegate.swift in Sources */ = {isa = PBXBuildFile; fileRef = 0D3566BE2757783200EA17DD /* AppDelegate.swift */; };
		0D3566C12757783200EA17DD /* SceneDelegate.swift in Sources */ = {isa = PBXBuildFile; fileRef = 0D3566C02757783200EA17DD /* SceneDelegate.swift */; };
		0D3566C32757783200EA17DD /* ViewController.swift in Sources */ = {isa = PBXBuildFile; fileRef = 0D3566C22757783200EA17DD /* ViewController.swift */; };
		0D3566C62757783200EA17DD /* Main.storyboard in Resources */ = {isa = PBXBuildFile; fileRef = 0D3566C42757783200EA17DD /* Main.storyboard */; };
		0D3566C82757783400EA17DD /* Assets.xcassets in Resources */ = {isa = PBXBuildFile; fileRef = 0D3566C72757783400EA17DD /* Assets.xcassets */; };
		0D3566CB2757783400EA17DD /* LaunchScreen.storyboard in Resources */ = {isa = PBXBuildFile; fileRef = 0D3566C92757783400EA17DD /* LaunchScreen.storyboard */; };
/* End PBXBuildFile section */

/* Begin PBXFileReference section */
		0D3566BB2757783200EA17DD /* backbase-poc-content-provider-ios.app */ = {isa = PBXFileReference; explicitFileType = wrapper.application; includeInIndex = 0; path = "backbase-poc-content-provider-ios.app"; sourceTree = BUILT_PRODUCTS_DIR; };
		0D3566BE2757783200EA17DD /* AppDelegate.swift */ = {isa = PBXFileReference; lastKnownFileType = sourcecode.swift; path = AppDelegate.swift; sourceTree = "<group>"; };
		0D3566C02757783200EA17DD /* SceneDelegate.swift */ = {isa = PBXFileReference; lastKnownFileType = sourcecode.swift; path = SceneDelegate.swift; sourceTree = "<group>"; };
		0D3566C22757783200EA17DD /* ViewController.swift */ = {isa = PBXFileReference; lastKnownFileType = sourcecode.swift; path = ViewController.swift; sourceTree = "<group>"; };
		0D3566C52757783200EA17DD /* Base */ = {isa = PBXFileReference; lastKnownFileType = file.storyboard; name = Base; path = Base.lproj/Main.storyboard; sourceTree = "<group>"; };
		0D3566C72757783400EA17DD /* Assets.xcassets */ = {isa = PBXFileReference; lastKnownFileType = folder.assetcatalog; path = Assets.xcassets; sourceTree = "<group>"; };
		0D3566CA2757783400EA17DD /* Base */ = {isa = PBXFileReference; lastKnownFileType = file.storyboard; name = Base; path = Base.lproj/LaunchScreen.storyboard; sourceTree = "<group>"; };
		0D3566CC2757783400EA17DD /* Info.plist */ = {isa = PBXFileReference; lastKnownFileType = text.plist.xml; path = Info.plist; sourceTree = "<group>"; };
/* End PBXFileReference section */

/* Begin PBXFrameworksBuildPhase section */
		0D3566B82757783200EA17DD /* Frameworks */ = {
			isa = PBXFrameworksBuildPhase;
			buildActionMask = 2147483647;
			files = (
			);
			runOnlyForDeploymentPostprocessing = 0;
		};
/* End PBXFrameworksBuildPhase section */

/* Begin PBXGroup section */
		0D3566B22757783200EA17DD = {
			isa = PBXGroup;
			children = (
				0D3566BD2757783200EA17DD /* backbase-poc-content-provider-ios */,
				0D3566BC2757783200EA17DD /* Products */,
			);
			sourceTree = "<group>";
		};
		0D3566BC2757783200EA17DD /* Products */ = {
			isa = PBXGroup;
			children = (
				0D3566BB2757783200EA17DD /* backbase-poc-content-provider-ios.app */,
			);
			name = Products;
			sourceTree = "<group>";
		};
		0D3566BD2757783200EA17DD /* backbase-poc-content-provider-ios */ = {
			isa = PBXGroup;
			children = (
				0D3566D92757AFFA00EA17DD /* Storyboards */,
				0D3566D82757AFE200EA17DD /* Resources */,
				0D3566D72757AFD600EA17DD /* Sources */,
				0D3566D62757AFCC00EA17DD /* App */,
			);
			path = "backbase-poc-content-provider-ios";
			sourceTree = "<group>";
		};
		0D3566D62757AFCC00EA17DD /* App */ = {
			isa = PBXGroup;
			children = (
				0D3566BE2757783200EA17DD /* AppDelegate.swift */,
				0D3566C02757783200EA17DD /* SceneDelegate.swift */,
			);
			path = App;
			sourceTree = "<group>";
		};
		0D3566D72757AFD600EA17DD /* Sources */ = {
			isa = PBXGroup;
			children = (
				0D3566C22757783200EA17DD /* ViewController.swift */,
			);
			path = Sources;
			sourceTree = "<group>";
		};
		0D3566D82757AFE200EA17DD /* Resources */ = {
			isa = PBXGroup;
			children = (
				0D3566C72757783400EA17DD /* Assets.xcassets */,
				0D3566CC2757783400EA17DD /* Info.plist */,
			);
			path = Resources;
			sourceTree = "<group>";
		};
		0D3566D92757AFFA00EA17DD /* Storyboards */ = {
			isa = PBXGroup;
			children = (
				0D3566C42757783200EA17DD /* Main.storyboard */,
				0D3566C92757783400EA17DD /* LaunchScreen.storyboard */,
			);
			path = Storyboards;
			sourceTree = "<group>";
		};
/* End PBXGroup section */

/* Begin PBXNativeTarget section */
		0D3566BA2757783200EA17DD /* backbase-poc-content-provider-ios */ = {
			isa = PBXNativeTarget;
			buildConfigurationList = 0D3566CF2757783400EA17DD /* Build configuration list for PBXNativeTarget "backbase-poc-content-provider-ios" */;
			buildPhases = (
				0D3566B72757783200EA17DD /* Sources */,
				0D3566B82757783200EA17DD /* Frameworks */,
				0D3566B92757783200EA17DD /* Resources */,
			);
			buildRules = (
			);
			dependencies = (
			);
			name = "backbase-poc-content-provider-ios";
			productName = "backbase-poc-content-provider-ios";
			productReference = 0D3566BB2757783200EA17DD /* backbase-poc-content-provider-ios.app */;
			productType = "com.apple.product-type.application";
		};
/* End PBXNativeTarget section */

/* Begin PBXProject section */
		0D3566B32757783200EA17DD /* Project object */ = {
			isa = PBXProject;
			attributes = {
				LastSwiftUpdateCheck = 1250;
				LastUpgradeCheck = 1250;
				TargetAttributes = {
					0D3566BA2757783200EA17DD = {
						CreatedOnToolsVersion = 12.5.1;
					};
				};
			};
			buildConfigurationList = 0D3566B62757783200EA17DD /* Build configuration list for PBXProject "backbase-poc-content-provider-ios" */;
			compatibilityVersion = "Xcode 9.3";
			developmentRegion = en;
			hasScannedForEncodings = 0;
			knownRegions = (
				en,
				Base,
			);
			mainGroup = 0D3566B22757783200EA17DD;
			productRefGroup = 0D3566BC2757783200EA17DD /* Products */;
			projectDirPath = "";
			projectRoot = "";
			targets = (
				0D3566BA2757783200EA17DD /* backbase-poc-content-provider-ios */,
			);
		};
/* End PBXProject section */

/* Begin PBXResourcesBuildPhase section */
		0D3566B92757783200EA17DD /* Resources */ = {
			isa = PBXResourcesBuildPhase;
			buildActionMask = 2147483647;
			files = (
				0D3566CB2757783400EA17DD /* LaunchScreen.storyboard in Resources */,
				0D3566C82757783400EA17DD /* Assets.xcassets in Resources */,
				0D3566C62757783200EA17DD /* Main.storyboard in Resources */,
			);
			runOnlyForDeploymentPostprocessing = 0;
		};
/* End PBXResourcesBuildPhase section */

/* Begin PBXSourcesBuildPhase section */
		0D3566B72757783200EA17DD /* Sources */ = {
			isa = PBXSourcesBuildPhase;
			buildActionMask = 2147483647;
			files = (
				0D3566C32757783200EA17DD /* ViewController.swift in Sources */,
				0D3566BF2757783200EA17DD /* AppDelegate.swift in Sources */,
				0D3566C12757783200EA17DD /* SceneDelegate.swift in Sources */,
			);
			runOnlyForDeploymentPostprocessing = 0;
		};
/* End PBXSourcesBuildPhase section */

/* Begin PBXVariantGroup section */
		0D3566C42757783200EA17DD /* Main.storyboard */ = {
			isa = PBXVariantGroup;
			children = (
				0D3566C52757783200EA17DD /* Base */,
			);
			name = Main.storyboard;
			sourceTree = "<group>";
		};
		0D3566C92757783400EA17DD /* LaunchScreen.storyboard */ = {
			isa = PBXVariantGroup;
			children = (
				0D3566CA2757783400EA17DD /* Base */,
			);
			name = LaunchScreen.storyboard;
			sourceTree = "<group>";
		};
/* End PBXVariantGroup section */

/* Begin XCBuildConfiguration section */
		0D3566CD2757783400EA17DD /* Debug */ = {
			isa = XCBuildConfiguration;
			buildSettings = {
				ALWAYS_SEARCH_USER_PATHS = NO;
				CLANG_ANALYZER_NONNULL = YES;
				CLANG_ANALYZER_NUMBER_OBJECT_CONVERSION = YES_AGGRESSIVE;
				CLANG_CXX_LANGUAGE_STANDARD = "gnu++14";
				CLANG_CXX_LIBRARY = "libc++";
				CLANG_ENABLE_MODULES = YES;
				CLANG_ENABLE_OBJC_ARC = YES;
				CLANG_ENABLE_OBJC_WEAK = YES;
				CLANG_WARN_BLOCK_CAPTURE_AUTORELEASING = YES;
				CLANG_WARN_BOOL_CONVERSION = YES;
				CLANG_WARN_COMMA = YES;
				CLANG_WARN_CONSTANT_CONVERSION = YES;
				CLANG_WARN_DEPRECATED_OBJC_IMPLEMENTATIONS = YES;
				CLANG_WARN_DIRECT_OBJC_ISA_USAGE = YES_ERROR;
				CLANG_WARN_DOCUMENTATION_COMMENTS = YES;
				CLANG_WARN_EMPTY_BODY = YES;
				CLANG_WARN_ENUM_CONVERSION = YES;
				CLANG_WARN_INFINITE_RECURSION = YES;
				CLANG_WARN_INT_CONVERSION = YES;
				CLANG_WARN_NON_LITERAL_NULL_CONVERSION = YES;
				CLANG_WARN_OBJC_IMPLICIT_RETAIN_SELF = YES;
				CLANG_WARN_OBJC_LITERAL_CONVERSION = YES;
				CLANG_WARN_OBJC_ROOT_CLASS = YES_ERROR;
				CLANG_WARN_QUOTED_INCLUDE_IN_FRAMEWORK_HEADER = YES;
				CLANG_WARN_RANGE_LOOP_ANALYSIS = YES;
				CLANG_WARN_STRICT_PROTOTYPES = YES;
				CLANG_WARN_SUSPICIOUS_MOVE = YES;
				CLANG_WARN_UNGUARDED_AVAILABILITY = YES_AGGRESSIVE;
				CLANG_WARN_UNREACHABLE_CODE = YES;
				CLANG_WARN__DUPLICATE_METHOD_MATCH = YES;
				COPY_PHASE_STRIP = NO;
				DEBUG_INFORMATION_FORMAT = dwarf;
				ENABLE_STRICT_OBJC_MSGSEND = YES;
				ENABLE_TESTABILITY = YES;
				GCC_C_LANGUAGE_STANDARD = gnu11;
				GCC_DYNAMIC_NO_PIC = NO;
				GCC_NO_COMMON_BLOCKS = YES;
				GCC_OPTIMIZATION_LEVEL = 0;
				GCC_PREPROCESSOR_DEFINITIONS = (
					"DEBUG=1",
					"$(inherited)",
				);
				GCC_WARN_64_TO_32_BIT_CONVERSION = YES;
				GCC_WARN_ABOUT_RETURN_TYPE = YES_ERROR;
				GCC_WARN_UNDECLARED_SELECTOR = YES;
				GCC_WARN_UNINITIALIZED_AUTOS = YES_AGGRESSIVE;
				GCC_WARN_UNUSED_FUNCTION = YES;
				GCC_WARN_UNUSED_VARIABLE = YES;
				IPHONEOS_DEPLOYMENT_TARGET = 14.5;
				MTL_ENABLE_DEBUG_INFO = INCLUDE_SOURCE;
				MTL_FAST_MATH = YES;
				ONLY_ACTIVE_ARCH = YES;
				SDKROOT = iphoneos;
				SWIFT_ACTIVE_COMPILATION_CONDITIONS = DEBUG;
				SWIFT_OPTIMIZATION_LEVEL = "-Onone";
			};
			name = Debug;
		};
		0D3566CE2757783400EA17DD /* Release */ = {
			isa = XCBuildConfiguration;
			buildSettings = {
				ALWAYS_SEARCH_USER_PATHS = NO;
				CLANG_ANALYZER_NONNULL = YES;
				CLANG_ANALYZER_NUMBER_OBJECT_CONVERSION = YES_AGGRESSIVE;
				CLANG_CXX_LANGUAGE_STANDARD = "gnu++14";
				CLANG_CXX_LIBRARY = "libc++";
				CLANG_ENABLE_MODULES = YES;
				CLANG_ENABLE_OBJC_ARC = YES;
				CLANG_ENABLE_OBJC_WEAK = YES;
				CLANG_WARN_BLOCK_CAPTURE_AUTORELEASING = YES;
				CLANG_WARN_BOOL_CONVERSION = YES;
				CLANG_WARN_COMMA = YES;
				CLANG_WARN_CONSTANT_CONVERSION = YES;
				CLANG_WARN_DEPRECATED_OBJC_IMPLEMENTATIONS = YES;
				CLANG_WARN_DIRECT_OBJC_ISA_USAGE = YES_ERROR;
				CLANG_WARN_DOCUMENTATION_COMMENTS = YES;
				CLANG_WARN_EMPTY_BODY = YES;
				CLANG_WARN_ENUM_CONVERSION = YES;
				CLANG_WARN_INFINITE_RECURSION = YES;
				CLANG_WARN_INT_CONVERSION = YES;
				CLANG_WARN_NON_LITERAL_NULL_CONVERSION = YES;
				CLANG_WARN_OBJC_IMPLICIT_RETAIN_SELF = YES;
				CLANG_WARN_OBJC_LITERAL_CONVERSION = YES;
				CLANG_WARN_OBJC_ROOT_CLASS = YES_ERROR;
				CLANG_WARN_QUOTED_INCLUDE_IN_FRAMEWORK_HEADER = YES;
				CLANG_WARN_RANGE_LOOP_ANALYSIS = YES;
				CLANG_WARN_STRICT_PROTOTYPES = YES;
				CLANG_WARN_SUSPICIOUS_MOVE = YES;
				CLANG_WARN_UNGUARDED_AVAILABILITY = YES_AGGRESSIVE;
				CLANG_WARN_UNREACHABLE_CODE = YES;
				CLANG_WARN__DUPLICATE_METHOD_MATCH = YES;
				COPY_PHASE_STRIP = NO;
				DEBUG_INFORMATION_FORMAT = "dwarf-with-dsym";
				ENABLE_NS_ASSERTIONS = NO;
				ENABLE_STRICT_OBJC_MSGSEND = YES;
				GCC_C_LANGUAGE_STANDARD = gnu11;
				GCC_NO_COMMON_BLOCKS = YES;
				GCC_WARN_64_TO_32_BIT_CONVERSION = YES;
				GCC_WARN_ABOUT_RETURN_TYPE = YES_ERROR;
				GCC_WARN_UNDECLARED_SELECTOR = YES;
				GCC_WARN_UNINITIALIZED_AUTOS = YES_AGGRESSIVE;
				GCC_WARN_UNUSED_FUNCTION = YES;
				GCC_WARN_UNUSED_VARIABLE = YES;
				IPHONEOS_DEPLOYMENT_TARGET = 14.5;
				MTL_ENABLE_DEBUG_INFO = NO;
				MTL_FAST_MATH = YES;
				SDKROOT = iphoneos;
				SWIFT_COMPILATION_MODE = wholemodule;
				SWIFT_OPTIMIZATION_LEVEL = "-O";
				VALIDATE_PRODUCT = YES;
			};
			name = Release;
		};
		0D3566D02757783400EA17DD /* Debug */ = {
			isa = XCBuildConfiguration;
			buildSettings = {
				ASSETCATALOG_COMPILER_APPICON_NAME = AppIcon;
				ASSETCATALOG_COMPILER_GLOBAL_ACCENT_COLOR_NAME = AccentColor;
				CODE_SIGN_STYLE = Automatic;
				DEVELOPMENT_TEAM = 2NT5QR24SX;
				INFOPLIST_FILE = "backbase-poc-content-provider-ios/Resources/Info.plist";
				LD_RUNPATH_SEARCH_PATHS = (
					"$(inherited)",
					"@executable_path/Frameworks",
				);
				PRODUCT_BUNDLE_IDENTIFIER = "com.alyyakan.backbase-poc-content-provider-ios";
				PRODUCT_NAME = "$(TARGET_NAME)";
				SWIFT_VERSION = 5.0;
				TARGETED_DEVICE_FAMILY = "1,2";
			};
			name = Debug;
		};
		0D3566D12757783400EA17DD /* Release */ = {
			isa = XCBuildConfiguration;
			buildSettings = {
				ASSETCATALOG_COMPILER_APPICON_NAME = AppIcon;
				ASSETCATALOG_COMPILER_GLOBAL_ACCENT_COLOR_NAME = AccentColor;
				CODE_SIGN_STYLE = Automatic;
				DEVELOPMENT_TEAM = 2NT5QR24SX;
				INFOPLIST_FILE = "backbase-poc-content-provider-ios/Resources/Info.plist";
				LD_RUNPATH_SEARCH_PATHS = (
					"$(inherited)",
					"@executable_path/Frameworks",
				);
				PRODUCT_BUNDLE_IDENTIFIER = "com.alyyakan.backbase-poc-content-provider-ios";
				PRODUCT_NAME = "$(TARGET_NAME)";
				SWIFT_VERSION = 5.0;
				TARGETED_DEVICE_FAMILY = "1,2";
			};
			name = Release;
		};
/* End XCBuildConfiguration section */

/* Begin XCConfigurationList section */
		0D3566B62757783200EA17DD /* Build configuration list for PBXProject "backbase-poc-content-provider-ios" */ = {
			isa = XCConfigurationList;
			buildConfigurations = (
				0D3566CD2757783400EA17DD /* Debug */,
				0D3566CE2757783400EA17DD /* Release */,
			);
			defaultConfigurationIsVisible = 0;
			defaultConfigurationName = Release;
		};
		0D3566CF2757783400EA17DD /* Build configuration list for PBXNativeTarget "backbase-poc-content-provider-ios" */ = {
			isa = XCConfigurationList;
			buildConfigurations = (
				0D3566D02757783400EA17DD /* Debug */,
				0D3566D12757783400EA17DD /* Release */,
			);
			defaultConfigurationIsVisible = 0;
			defaultConfigurationName = Release;
		};
/* End XCConfigurationList section */
	};
	rootObject = 0D3566B32757783200EA17DD /* Project object */;
}
